{
  "version": 4,
  "terraform_version": "1.12.0",
  "serial": 39,
  "lineage": "ad55b9b7-90e4-2528-acd8-1304fcdca14c",
  "outputs": {
    "acr_login_server_used": {
      "value": "swe40006billingacr.azurecr.io",
      "type": "string"
    },
    "application_url": {
      "value": "http://4.206.49.59:5000",
      "type": "string"
    },
    "custom_data_troubleshooting_tip": {
      "value": "Check /var/log/cloud-init-output.log on VM for errors. Also check 'sudo docker ps -a' and 'sudo docker logs \u003ccontainer_id\u003e'.",
      "type": "string"
    },
    "postgresql_default_database_name_suggestion": {
      "value": "postgres (or the server name if it creates an initial DB with that name)",
      "type": "string"
    },
    "postgresql_server_fqdn": {
      "value": null,
      "type": "string"
    },
    "postgresql_server_name": {
      "value": "myapp-pgflex",
      "type": "string"
    },
    "resource_group_name": {
      "value": "MyProjectRGnew",
      "type": "string"
    },
    "ssh_to_vm_command": {
      "value": "ssh azureuser@4.206.49.59",
      "type": "string"
    },
    "vm_admin_username": {
      "value": "azureuser",
      "type": "string"
    },
    "vm_public_ip": {
      "value": "4.206.49.59",
      "type": "string"
    }
  },
  "resources": [
    {
      "mode": "managed",
      "type": "azurerm_resource_group",
      "name": "main",
      "provider": "provider[\"registry.terraform.io/hashicorp/azurerm\"]",
      "instances": [
        {
          "schema_version": 0,
          "attributes": {
            "id": "/subscriptions/c3d9fe29-3987-49b6-a87f-61d733441678/resourceGroups/MyProjectRG",
            "location": "canadacentral",
            "managed_by": "",
            "name": "MyProjectRG",
            "tags": {
              "environment": "development",
              "project": "myapp"
            },
            "timeouts": null
          },
          "sensitive_attributes": [],
          "identity_schema_version": 0,
          "private": "eyJlMmJmYjczMC1lY2FhLTExZTYtOGY4OC0zNDM2M2JjN2M0YzAiOnsiY3JlYXRlIjo1NDAwMDAwMDAwMDAwLCJkZWxldGUiOjU0MDAwMDAwMDAwMDAsInJlYWQiOjMwMDAwMDAwMDAwMCwidXBkYXRlIjo1NDAwMDAwMDAwMDAwfX0="
        }
      ]
    }
  ],
  "check_results": null
}
