{
  "version": 4,
  "terraform_version": "1.12.0",
  "serial": 55,
  "lineage": "ad55b9b7-90e4-2528-acd8-1304fcdca14c",
  "outputs": {
    "acr_login_server_used": {
      "value": "swe40006billingacr.azurecr.io",
      "type": "string"
    },
    "application_url": {
      "value": "http://4.206.70.73:5000",
      "type": "string"
    },
    "custom_data_troubleshooting_tip": {
      "value": "Check /var/log/cloud-init-output.log on VM for errors. Also check 'sudo docker ps -a' and 'sudo docker logs \u003ccontainer_id\u003e'.",
      "type": "string"
    },
    "postgresql_default_database_name_suggestion": {
      "value": "postgres (or the server name if it creates an initial DB with that name)",
      "type": "string"
    },
    "postgresql_server_fqdn": {
      "value": "myapp-pgflex.postgres.database.azure.com",
      "type": "string"
    },
    "postgresql_server_name": {
      "value": "myapp-pgflex",
      "type": "string"
    },
    "resource_group_name": {
      "value": "MyProjectRGnew",
      "type": "string"
    },
    "ssh_to_vm_command": {
      "value": "ssh azureuser@4.206.70.73",
      "type": "string"
    },
    "vm_admin_username": {
      "value": "azureuser",
      "type": "string"
    },
    "vm_public_ip": {
      "value": "4.206.70.73",
      "type": "string"
    }
  },
  "resources": [
    {
      "mode": "data",
      "type": "template_file",
      "name": "vm_custom_data",
      "provider": "provider[\"registry.terraform.io/hashicorp/template\"]",
      "instances": [
        {
          "schema_version": 0,
          "attributes": {
            "filename": null,
            "id": "19e724479a954e9040220af1508f7f7529f188164313c8143bb3ecc23991e777",
            "rendered": "#cloud-config\r\npackage_update: true\r\npackage_upgrade: true\r\npackages:\r\n  - apt-transport-https\r\n  - ca-certificates\r\n  - curl\r\n  - gnupg\r\n  - lsb-release\r\n  - docker.io\r\n\r\nruncmd:\r\n  # Install Azure CLI (needed for `az acr login` if you want to use Managed Identity later)\r\n  # - curl -sL https://aka.ms/InstallAzureCLIDeb | sudo bash\r\n\r\n  # Start and enable Docker\r\n  - systemctl start docker\r\n  - systemctl enable docker\r\n  - usermod -aG docker azureuser # Add admin user to docker group\r\n\r\n  # Login to ACR (This part is tricky without Managed Identity or exposing creds)\r\n  # Option 1: Manually SSH and login if this fails (simplest for now if not using MSI)\r\n  # Option 2: If ACR admin user is enabled (as per your `az acr create` command)\r\n  #   You would need to securely get and use ACR admin username/password here, which is NOT recommended directly in custom_data.\r\n  #   For this example, we'll assume you might need to SSH in and run `docker login` if the pull fails.\r\n  #   A better way for Day 4 might be to ensure your ACR allows anonymous pull IF it's just for this temp dev.\r\n\r\n  # Pull the Docker image\r\n  - docker pull swe40006billingacr.azurecr.io/mybillingapp:latest\r\n\r\n  # Run the Docker container\r\n  # Ensure your application inside the container listens on 0.0.0.0:5000\r\n  - docker run -d -p 5000:5000 \\\r\n    -e DB_HOST=myapp-pgflex.postgres.database.azure.com \\\r\n    -e DB_PORT=5432 \\\r\n    -e DB_NAME=postgres \\\r\n    -e DB_USER=swe40006devops \\\r\n    -e DB_PASSWORD='SWE40006devops' \\\r\n    --restart always \\\r\n    swe40006billingacr.azurecr.io/mybillingapp:latest\r\n",
            "template": "#cloud-config\r\npackage_update: true\r\npackage_upgrade: true\r\npackages:\r\n  - apt-transport-https\r\n  - ca-certificates\r\n  - curl\r\n  - gnupg\r\n  - lsb-release\r\n  - docker.io\r\n\r\nruncmd:\r\n  # Install Azure CLI (needed for `az acr login` if you want to use Managed Identity later)\r\n  # - curl -sL https://aka.ms/InstallAzureCLIDeb | sudo bash\r\n\r\n  # Start and enable Docker\r\n  - systemctl start docker\r\n  - systemctl enable docker\r\n  - usermod -aG docker ${vm_admin_username} # Add admin user to docker group\r\n\r\n  # Login to ACR (This part is tricky without Managed Identity or exposing creds)\r\n  # Option 1: Manually SSH and login if this fails (simplest for now if not using MSI)\r\n  # Option 2: If ACR admin user is enabled (as per your `az acr create` command)\r\n  #   You would need to securely get and use ACR admin username/password here, which is NOT recommended directly in custom_data.\r\n  #   For this example, we'll assume you might need to SSH in and run `docker login` if the pull fails.\r\n  #   A better way for Day 4 might be to ensure your ACR allows anonymous pull IF it's just for this temp dev.\r\n\r\n  # Pull the Docker image\r\n  - docker pull ${acr_login_server}/${docker_image_repository}:${docker_image_tag}\r\n\r\n  # Run the Docker container\r\n  # Ensure your application inside the container listens on 0.0.0.0:${app_container_port}\r\n  - docker run -d -p ${app_host_port}:${app_container_port} \\\r\n    -e DB_HOST=${db_server_fqdn} \\\r\n    -e DB_PORT=5432 \\\r\n    -e DB_NAME=${db_default_database_name} \\\r\n    -e DB_USER=${db_admin_login} \\\r\n    -e DB_PASSWORD='${db_admin_password}' \\\r\n    --restart always \\\r\n    ${acr_login_server}/${docker_image_repository}:${docker_image_tag}\r\n",
            "vars": {
              "acr_login_server": "swe40006billingacr.azurecr.io",
              "app_container_port": "5000",
              "app_host_port": "5000",
              "db_admin_login": "swe40006devops",
              "db_admin_password": "SWE40006devops",
              "db_default_database_name": "postgres",
              "db_server_fqdn": "myapp-pgflex.postgres.database.azure.com",
              "docker_image_repository": "mybillingapp",
              "docker_image_tag": "latest",
              "vm_admin_username": "azureuser"
            }
          },
          "sensitive_attributes": [
            [
              {
                "type": "get_attr",
                "value": "vars"
              },
              {
                "type": "index",
                "value": {
                  "value": "db_admin_login",
                  "type": "string"
                }
              }
            ],
            [
              {
                "type": "get_attr",
                "value": "vars"
              },
              {
                "type": "index",
                "value": {
                  "value": "db_admin_password",
                  "type": "string"
                }
              }
            ]
          ],
          "identity_schema_version": 0
        }
      ]
    },
    {
      "mode": "managed",
      "type": "azurerm_container_registry",
      "name": "main",
      "provider": "provider[\"registry.terraform.io/hashicorp/azurerm\"]",
      "instances": [
        {
          "schema_version": 2,
          "attributes": {
            "admin_enabled": true,
            "admin_password": "s8JBgBamUxPBUxd1Yvy9pqQrznfTvb4GGk+0ilvkal+ACRDIXTwJ",
            "admin_username": "swe40006billingacr",
            "anonymous_pull_enabled": false,
            "data_endpoint_enabled": false,
            "encryption": [
              {
                "enabled": false,
                "identity_client_id": "",
                "key_vault_key_id": ""
              }
            ],
            "export_policy_enabled": true,
            "georeplications": [],
            "id": "/subscriptions/c3d9fe29-3987-49b6-a87f-61d733441678/resourceGroups/MyProjectRGnew/providers/Microsoft.ContainerRegistry/registries/swe40006billingacr",
            "identity": [],
            "location": "canadacentral",
            "login_server": "swe40006billingacr.azurecr.io",
            "name": "swe40006billingacr",
            "network_rule_bypass_option": "AzureServices",
            "network_rule_set": [],
            "public_network_access_enabled": true,
            "quarantine_policy_enabled": false,
            "resource_group_name": "MyProjectRGnew",
            "retention_policy": [
              {
                "days": 7,
                "enabled": false
              }
            ],
            "sku": "Basic",
            "tags": {
              "environment": "development",
              "project": "myapp"
            },
            "timeouts": null,
            "trust_policy": [
              {
                "enabled": false
              }
            ],
            "zone_redundancy_enabled": false
          },
          "sensitive_attributes": [
            [
              {
                "type": "get_attr",
                "value": "admin_password"
              }
            ]
          ],
          "identity_schema_version": 0,
          "private": "eyJlMmJmYjczMC1lY2FhLTExZTYtOGY4OC0zNDM2M2JjN2M0YzAiOnsiY3JlYXRlIjoxODAwMDAwMDAwMDAwLCJkZWxldGUiOjE4MDAwMDAwMDAwMDAsInJlYWQiOjMwMDAwMDAwMDAwMCwidXBkYXRlIjoxODAwMDAwMDAwMDAwfSwic2NoZW1hX3ZlcnNpb24iOiIyIn0=",
          "dependencies": [
            "azurerm_resource_group.main"
          ]
        }
      ]
    },
    {
      "mode": "managed",
      "type": "azurerm_linux_virtual_machine",
      "name": "main",
      "provider": "provider[\"registry.terraform.io/hashicorp/azurerm\"]",
      "instances": [
        {
          "schema_version": 0,
          "attributes": {
            "additional_capabilities": [],
            "admin_password": "SWE40006devops",
            "admin_ssh_key": [],
            "admin_username": "azureuser",
            "allow_extension_operations": true,
            "availability_set_id": "",
            "boot_diagnostics": [],
            "bypass_platform_safety_checks_on_user_schedule_enabled": false,
            "capacity_reservation_group_id": "",
            "computer_name": "myapp-vm",
            "custom_data": "I2Nsb3VkLWNvbmZpZw0KcGFja2FnZV91cGRhdGU6IHRydWUNCnBhY2thZ2VfdXBncmFkZTogdHJ1ZQ0KcGFja2FnZXM6DQogIC0gYXB0LXRyYW5zcG9ydC1odHRwcw0KICAtIGNhLWNlcnRpZmljYXRlcw0KICAtIGN1cmwNCiAgLSBnbnVwZw0KICAtIGxzYi1yZWxlYXNlDQogIC0gZG9ja2VyLmlvDQoNCnJ1bmNtZDoNCiAgIyBJbnN0YWxsIEF6dXJlIENMSSAobmVlZGVkIGZvciBgYXogYWNyIGxvZ2luYCBpZiB5b3Ugd2FudCB0byB1c2UgTWFuYWdlZCBJZGVudGl0eSBsYXRlcikNCiAgIyAtIGN1cmwgLXNMIGh0dHBzOi8vYWthLm1zL0luc3RhbGxBenVyZUNMSURlYiB8IHN1ZG8gYmFzaA0KDQogICMgU3RhcnQgYW5kIGVuYWJsZSBEb2NrZXINCiAgLSBzeXN0ZW1jdGwgc3RhcnQgZG9ja2VyDQogIC0gc3lzdGVtY3RsIGVuYWJsZSBkb2NrZXINCiAgLSB1c2VybW9kIC1hRyBkb2NrZXIgYXp1cmV1c2VyICMgQWRkIGFkbWluIHVzZXIgdG8gZG9ja2VyIGdyb3VwDQoNCiAgIyBMb2dpbiB0byBBQ1IgKFRoaXMgcGFydCBpcyB0cmlja3kgd2l0aG91dCBNYW5hZ2VkIElkZW50aXR5IG9yIGV4cG9zaW5nIGNyZWRzKQ0KICAjIE9wdGlvbiAxOiBNYW51YWxseSBTU0ggYW5kIGxvZ2luIGlmIHRoaXMgZmFpbHMgKHNpbXBsZXN0IGZvciBub3cgaWYgbm90IHVzaW5nIE1TSSkNCiAgIyBPcHRpb24gMjogSWYgQUNSIGFkbWluIHVzZXIgaXMgZW5hYmxlZCAoYXMgcGVyIHlvdXIgYGF6IGFjciBjcmVhdGVgIGNvbW1hbmQpDQogICMgICBZb3Ugd291bGQgbmVlZCB0byBzZWN1cmVseSBnZXQgYW5kIHVzZSBBQ1IgYWRtaW4gdXNlcm5hbWUvcGFzc3dvcmQgaGVyZSwgd2hpY2ggaXMgTk9UIHJlY29tbWVuZGVkIGRpcmVjdGx5IGluIGN1c3RvbV9kYXRhLg0KICAjICAgRm9yIHRoaXMgZXhhbXBsZSwgd2UnbGwgYXNzdW1lIHlvdSBtaWdodCBuZWVkIHRvIFNTSCBpbiBhbmQgcnVuIGBkb2NrZXIgbG9naW5gIGlmIHRoZSBwdWxsIGZhaWxzLg0KICAjICAgQSBiZXR0ZXIgd2F5IGZvciBEYXkgNCBtaWdodCBiZSB0byBlbnN1cmUgeW91ciBBQ1IgYWxsb3dzIGFub255bW91cyBwdWxsIElGIGl0J3MganVzdCBmb3IgdGhpcyB0ZW1wIGRldi4NCg0KICAjIFB1bGwgdGhlIERvY2tlciBpbWFnZQ0KICAtIGRvY2tlciBwdWxsIHN3ZTQwMDA2YmlsbGluZ2Fjci5henVyZWNyLmlvL215YmlsbGluZ2FwcDpsYXRlc3QNCg0KICAjIFJ1biB0aGUgRG9ja2VyIGNvbnRhaW5lcg0KICAjIEVuc3VyZSB5b3VyIGFwcGxpY2F0aW9uIGluc2lkZSB0aGUgY29udGFpbmVyIGxpc3RlbnMgb24gMC4wLjAuMDo1MDAwDQogIC0gZG9ja2VyIHJ1biAtZCAtcCA1MDAwOjUwMDAgXA0KICAgIC1lIERCX0hPU1Q9bXlhcHAtcGdmbGV4LnBvc3RncmVzLmRhdGFiYXNlLmF6dXJlLmNvbSBcDQogICAgLWUgREJfUE9SVD01NDMyIFwNCiAgICAtZSBEQl9OQU1FPXBvc3RncmVzIFwNCiAgICAtZSBEQl9VU0VSPXN3ZTQwMDA2ZGV2b3BzIFwNCiAgICAtZSBEQl9QQVNTV09SRD0nU1dFNDAwMDZkZXZvcHMnIFwNCiAgICAtLXJlc3RhcnQgYWx3YXlzIFwNCiAgICBzd2U0MDAwNmJpbGxpbmdhY3IuYXp1cmVjci5pby9teWJpbGxpbmdhcHA6bGF0ZXN0DQo=",
            "dedicated_host_group_id": "",
            "dedicated_host_id": "",
            "disable_password_authentication": false,
            "disk_controller_type": "SCSI",
            "edge_zone": "",
            "encryption_at_host_enabled": false,
            "eviction_policy": "",
            "extensions_time_budget": "PT1H30M",
            "gallery_application": [],
            "id": "/subscriptions/c3d9fe29-3987-49b6-a87f-61d733441678/resourceGroups/MyProjectRGnew/providers/Microsoft.Compute/virtualMachines/myapp-vm",
            "identity": [],
            "license_type": "",
            "location": "canadacentral",
            "max_bid_price": -1,
            "name": "myapp-vm",
            "network_interface_ids": [
              "/subscriptions/c3d9fe29-3987-49b6-a87f-61d733441678/resourceGroups/MyProjectRGnew/providers/Microsoft.Network/networkInterfaces/myapp-vm-nic"
            ],
            "os_disk": [
              {
                "caching": "ReadWrite",
                "diff_disk_settings": [],
                "disk_encryption_set_id": "",
                "disk_size_gb": 30,
                "name": "myapp-vm_disk1_aaf2025e4cd44a16829efc6d545974eb",
                "secure_vm_disk_encryption_set_id": "",
                "security_encryption_type": "",
                "storage_account_type": "Premium_LRS",
                "write_accelerator_enabled": false
              }
            ],
            "os_image_notification": [],
            "patch_assessment_mode": "ImageDefault",
            "patch_mode": "ImageDefault",
            "plan": [],
            "platform_fault_domain": -1,
            "priority": "Regular",
            "private_ip_address": "10.0.1.4",
            "private_ip_addresses": [
              "10.0.1.4"
            ],
            "provision_vm_agent": true,
            "proximity_placement_group_id": "",
            "public_ip_address": "4.206.70.73",
            "public_ip_addresses": [
              "4.206.70.73"
            ],
            "reboot_setting": "",
            "resource_group_name": "MyProjectRGnew",
            "secret": [],
            "secure_boot_enabled": false,
            "size": "Standard_B1s",
            "source_image_id": "",
            "source_image_reference": [
              {
                "offer": "0001-com-ubuntu-server-jammy",
                "publisher": "Canonical",
                "sku": "22_04-lts-gen2",
                "version": "latest"
              }
            ],
            "tags": {
              "environment": "development",
              "project": "myapp"
            },
            "termination_notification": null,
            "timeouts": null,
            "user_data": "",
            "virtual_machine_id": "ad783c79-e8ba-40cb-b55f-607d8c2e7e35",
            "virtual_machine_scale_set_id": "",
            "vm_agent_platform_updates_enabled": false,
            "vtpm_enabled": false,
            "zone": ""
          },
          "sensitive_attributes": [
            [
              {
                "type": "get_attr",
                "value": "admin_password"
              }
            ],
            [
              {
                "type": "get_attr",
                "value": "custom_data"
              }
            ]
          ],
          "identity_schema_version": 0,
          "private": "eyJlMmJmYjczMC1lY2FhLTExZTYtOGY4OC0zNDM2M2JjN2M0YzAiOnsiY3JlYXRlIjoyNzAwMDAwMDAwMDAwLCJkZWxldGUiOjI3MDAwMDAwMDAwMDAsInJlYWQiOjMwMDAwMDAwMDAwMCwidXBkYXRlIjoyNzAwMDAwMDAwMDAwfX0=",
          "dependencies": [
            "azurerm_container_registry.main",
            "azurerm_network_interface.vm_nic",
            "azurerm_postgresql_flexible_server.main",
            "azurerm_private_dns_zone.postgresql",
            "azurerm_public_ip.vm_pip",
            "azurerm_resource_group.main",
            "azurerm_subnet.app_subnet",
            "azurerm_subnet.db_subnet",
            "azurerm_virtual_network.main",
            "data.template_file.vm_custom_data"
          ]
        }
      ]
    },
    {
      "mode": "managed",
      "type": "azurerm_network_interface",
      "name": "vm_nic",
      "provider": "provider[\"registry.terraform.io/hashicorp/azurerm\"]",
      "instances": [
        {
          "schema_version": 0,
          "attributes": {
            "accelerated_networking_enabled": false,
            "applied_dns_servers": [],
            "auxiliary_mode": "",
            "auxiliary_sku": "",
            "dns_servers": [],
            "edge_zone": "",
            "enable_accelerated_networking": false,
            "enable_ip_forwarding": false,
            "id": "/subscriptions/c3d9fe29-3987-49b6-a87f-61d733441678/resourceGroups/MyProjectRGnew/providers/Microsoft.Network/networkInterfaces/myapp-vm-nic",
            "internal_dns_name_label": "",
            "internal_domain_name_suffix": "lmhut2rrwruubm3gd14vddj5rc.ux.internal.cloudapp.net",
            "ip_configuration": [
              {
                "gateway_load_balancer_frontend_ip_configuration_id": "",
                "name": "internal",
                "primary": true,
                "private_ip_address": "10.0.1.4",
                "private_ip_address_allocation": "Dynamic",
                "private_ip_address_version": "IPv4",
                "public_ip_address_id": "/subscriptions/c3d9fe29-3987-49b6-a87f-61d733441678/resourceGroups/MyProjectRGnew/providers/Microsoft.Network/publicIPAddresses/myapp-vm-pip",
                "subnet_id": "/subscriptions/c3d9fe29-3987-49b6-a87f-61d733441678/resourceGroups/MyProjectRGnew/providers/Microsoft.Network/virtualNetworks/myapp-vnet/subnets/myapp-app-subnet"
              }
            ],
            "ip_forwarding_enabled": false,
            "location": "canadacentral",
            "mac_address": "",
            "name": "myapp-vm-nic",
            "private_ip_address": "10.0.1.4",
            "private_ip_addresses": [
              "10.0.1.4"
            ],
            "resource_group_name": "MyProjectRGnew",
            "tags": {
              "environment": "development",
              "project": "myapp"
            },
            "timeouts": null,
            "virtual_machine_id": ""
          },
          "sensitive_attributes": [],
          "identity_schema_version": 0,
          "private": "eyJlMmJmYjczMC1lY2FhLTExZTYtOGY4OC0zNDM2M2JjN2M0YzAiOnsiY3JlYXRlIjoxODAwMDAwMDAwMDAwLCJkZWxldGUiOjE4MDAwMDAwMDAwMDAsInJlYWQiOjMwMDAwMDAwMDAwMCwidXBkYXRlIjoxODAwMDAwMDAwMDAwfX0=",
          "dependencies": [
            "azurerm_public_ip.vm_pip",
            "azurerm_resource_group.main",
            "azurerm_subnet.app_subnet",
            "azurerm_virtual_network.main"
          ]
        }
      ]
    },
    {
      "mode": "managed",
      "type": "azurerm_network_interface_security_group_association",
      "name": "vm_nic_nsg_assoc",
      "provider": "provider[\"registry.terraform.io/hashicorp/azurerm\"]",
      "instances": [
        {
          "schema_version": 0,
          "attributes": {
            "id": "/subscriptions/c3d9fe29-3987-49b6-a87f-61d733441678/resourceGroups/MyProjectRGnew/providers/Microsoft.Network/networkInterfaces/myapp-vm-nic|/subscriptions/c3d9fe29-3987-49b6-a87f-61d733441678/resourceGroups/MyProjectRGnew/providers/Microsoft.Network/networkSecurityGroups/myapp-vm-nsg",
            "network_interface_id": "/subscriptions/c3d9fe29-3987-49b6-a87f-61d733441678/resourceGroups/MyProjectRGnew/providers/Microsoft.Network/networkInterfaces/myapp-vm-nic",
            "network_security_group_id": "/subscriptions/c3d9fe29-3987-49b6-a87f-61d733441678/resourceGroups/MyProjectRGnew/providers/Microsoft.Network/networkSecurityGroups/myapp-vm-nsg",
            "timeouts": null
          },
          "sensitive_attributes": [],
          "identity_schema_version": 0,
          "private": "eyJlMmJmYjczMC1lY2FhLTExZTYtOGY4OC0zNDM2M2JjN2M0YzAiOnsiY3JlYXRlIjoxODAwMDAwMDAwMDAwLCJkZWxldGUiOjE4MDAwMDAwMDAwMDAsInJlYWQiOjMwMDAwMDAwMDAwMH19",
          "dependencies": [
            "azurerm_network_interface.vm_nic",
            "azurerm_network_security_group.vm_nsg",
            "azurerm_public_ip.vm_pip",
            "azurerm_resource_group.main",
            "azurerm_subnet.app_subnet",
            "azurerm_virtual_network.main"
          ]
        }
      ]
    },
    {
      "mode": "managed",
      "type": "azurerm_network_security_group",
      "name": "vm_nsg",
      "provider": "provider[\"registry.terraform.io/hashicorp/azurerm\"]",
      "instances": [
        {
          "schema_version": 0,
          "attributes": {
            "id": "/subscriptions/c3d9fe29-3987-49b6-a87f-61d733441678/resourceGroups/MyProjectRGnew/providers/Microsoft.Network/networkSecurityGroups/myapp-vm-nsg",
            "location": "canadacentral",
            "name": "myapp-vm-nsg",
            "resource_group_name": "MyProjectRGnew",
            "security_rule": [
              {
                "access": "Allow",
                "description": "",
                "destination_address_prefix": "*",
                "destination_address_prefixes": [],
                "destination_application_security_group_ids": [],
                "destination_port_range": "22",
                "destination_port_ranges": [],
                "direction": "Inbound",
                "name": "AllowSSH",
                "priority": 100,
                "protocol": "Tcp",
                "source_address_prefix": "0.0.0.0/0",
                "source_address_prefixes": [],
                "source_application_security_group_ids": [],
                "source_port_range": "*",
                "source_port_ranges": []
              },
              {
                "access": "Allow",
                "description": "",
                "destination_address_prefix": "*",
                "destination_address_prefixes": [],
                "destination_application_security_group_ids": [],
                "destination_port_range": "5000",
                "destination_port_ranges": [],
                "direction": "Inbound",
                "name": "AllowAppPort",
                "priority": 110,
                "protocol": "Tcp",
                "source_address_prefix": "*",
                "source_address_prefixes": [],
                "source_application_security_group_ids": [],
                "source_port_range": "*",
                "source_port_ranges": []
              }
            ],
            "tags": {
              "environment": "development",
              "project": "myapp"
            },
            "timeouts": null
          },
          "sensitive_attributes": [],
          "identity_schema_version": 0,
          "private": "eyJlMmJmYjczMC1lY2FhLTExZTYtOGY4OC0zNDM2M2JjN2M0YzAiOnsiY3JlYXRlIjoxODAwMDAwMDAwMDAwLCJkZWxldGUiOjE4MDAwMDAwMDAwMDAsInJlYWQiOjMwMDAwMDAwMDAwMCwidXBkYXRlIjoxODAwMDAwMDAwMDAwfX0=",
          "dependencies": [
            "azurerm_resource_group.main"
          ]
        }
      ]
    },
    {
      "mode": "managed",
      "type": "azurerm_postgresql_flexible_server",
      "name": "main",
      "provider": "provider[\"registry.terraform.io/hashicorp/azurerm\"]",
      "instances": [
        {
          "schema_version": 0,
          "attributes": {
            "administrator_login": "swe40006devops",
            "administrator_password": "SWE40006devops",
            "authentication": [
              {
                "active_directory_auth_enabled": false,
                "password_auth_enabled": true,
                "tenant_id": ""
              }
            ],
            "auto_grow_enabled": false,
            "backup_retention_days": 7,
            "create_mode": null,
            "customer_managed_key": [],
            "delegated_subnet_id": "/subscriptions/c3d9fe29-3987-49b6-a87f-61d733441678/resourceGroups/MyProjectRGnew/providers/Microsoft.Network/virtualNetworks/myapp-vnet/subnets/myapp-db-subnet",
            "fqdn": "myapp-pgflex.postgres.database.azure.com",
            "geo_redundant_backup_enabled": false,
            "high_availability": [],
            "id": "/subscriptions/c3d9fe29-3987-49b6-a87f-61d733441678/resourceGroups/MyProjectRGnew/providers/Microsoft.DBforPostgreSQL/flexibleServers/myapp-pgflex",
            "identity": [],
            "location": "canadacentral",
            "maintenance_window": [],
            "name": "myapp-pgflex",
            "point_in_time_restore_time_in_utc": null,
            "private_dns_zone_id": "/subscriptions/c3d9fe29-3987-49b6-a87f-61d733441678/resourceGroups/MyProjectRGnew/providers/Microsoft.Network/privateDnsZones/mypgflex.private.postgres.database.azure.com",
            "public_network_access_enabled": false,
            "replication_role": "",
            "resource_group_name": "MyProjectRGnew",
            "sku_name": "B_Standard_B1ms",
            "source_server_id": null,
            "storage_mb": 32768,
            "storage_tier": "P4",
            "tags": {
              "environment": "development",
              "project": "myapp"
            },
            "timeouts": null,
            "version": "15",
            "zone": "1"
          },
          "sensitive_attributes": [
            [
              {
                "type": "get_attr",
                "value": "administrator_login"
              }
            ],
            [
              {
                "type": "get_attr",
                "value": "administrator_password"
              }
            ]
          ],
          "identity_schema_version": 0,
          "private": "eyJlMmJmYjczMC1lY2FhLTExZTYtOGY4OC0zNDM2M2JjN2M0YzAiOnsiY3JlYXRlIjozNjAwMDAwMDAwMDAwLCJkZWxldGUiOjM2MDAwMDAwMDAwMDAsInJlYWQiOjMwMDAwMDAwMDAwMCwidXBkYXRlIjozNjAwMDAwMDAwMDAwfX0=",
          "dependencies": [
            "azurerm_private_dns_zone.postgresql",
            "azurerm_resource_group.main",
            "azurerm_subnet.db_subnet",
            "azurerm_virtual_network.main"
          ]
        }
      ]
    },
    {
      "mode": "managed",
      "type": "azurerm_private_dns_zone",
      "name": "postgresql",
      "provider": "provider[\"registry.terraform.io/hashicorp/azurerm\"]",
      "instances": [
        {
          "schema_version": 0,
          "attributes": {
            "id": "/subscriptions/c3d9fe29-3987-49b6-a87f-61d733441678/resourceGroups/MyProjectRGnew/providers/Microsoft.Network/privateDnsZones/mypgflex.private.postgres.database.azure.com",
            "max_number_of_record_sets": 25000,
            "max_number_of_virtual_network_links": 1000,
            "max_number_of_virtual_network_links_with_registration": 100,
            "name": "mypgflex.private.postgres.database.azure.com",
            "number_of_record_sets": 1,
            "resource_group_name": "MyProjectRGnew",
            "soa_record": [
              {
                "email": "azureprivatedns-host.microsoft.com",
                "expire_time": 2419200,
                "fqdn": "mypgflex.private.postgres.database.azure.com.",
                "host_name": "azureprivatedns.net",
                "minimum_ttl": 10,
                "refresh_time": 3600,
                "retry_time": 300,
                "serial_number": 1,
                "tags": {},
                "ttl": 3600
              }
            ],
            "tags": {
              "environment": "development",
              "project": "myapp"
            },
            "timeouts": null
          },
          "sensitive_attributes": [],
          "identity_schema_version": 0,
          "private": "eyJlMmJmYjczMC1lY2FhLTExZTYtOGY4OC0zNDM2M2JjN2M0YzAiOnsiY3JlYXRlIjoxODAwMDAwMDAwMDAwLCJkZWxldGUiOjE4MDAwMDAwMDAwMDAsInJlYWQiOjMwMDAwMDAwMDAwMCwidXBkYXRlIjoxODAwMDAwMDAwMDAwfX0=",
          "dependencies": [
            "azurerm_resource_group.main"
          ]
        }
      ]
    },
    {
      "mode": "managed",
      "type": "azurerm_private_dns_zone_virtual_network_link",
      "name": "postgresql_vnet_link",
      "provider": "provider[\"registry.terraform.io/hashicorp/azurerm\"]",
      "instances": [
        {
          "schema_version": 0,
          "attributes": {
            "id": "/subscriptions/c3d9fe29-3987-49b6-a87f-61d733441678/resourceGroups/MyProjectRGnew/providers/Microsoft.Network/privateDnsZones/mypgflex.private.postgres.database.azure.com/virtualNetworkLinks/myapp-pg-dns-vnet-link",
            "name": "myapp-pg-dns-vnet-link",
            "private_dns_zone_name": "mypgflex.private.postgres.database.azure.com",
            "registration_enabled": false,
            "resource_group_name": "MyProjectRGnew",
            "tags": {
              "environment": "development",
              "project": "myapp"
            },
            "timeouts": null,
            "virtual_network_id": "/subscriptions/c3d9fe29-3987-49b6-a87f-61d733441678/resourceGroups/MyProjectRGnew/providers/Microsoft.Network/virtualNetworks/myapp-vnet"
          },
          "sensitive_attributes": [],
          "identity_schema_version": 0,
          "private": "eyJlMmJmYjczMC1lY2FhLTExZTYtOGY4OC0zNDM2M2JjN2M0YzAiOnsiY3JlYXRlIjoxODAwMDAwMDAwMDAwLCJkZWxldGUiOjE4MDAwMDAwMDAwMDAsInJlYWQiOjMwMDAwMDAwMDAwMCwidXBkYXRlIjoxODAwMDAwMDAwMDAwfX0=",
          "dependencies": [
            "azurerm_private_dns_zone.postgresql",
            "azurerm_resource_group.main",
            "azurerm_virtual_network.main"
          ]
        }
      ]
    },
    {
      "mode": "managed",
      "type": "azurerm_public_ip",
      "name": "vm_pip",
      "provider": "provider[\"registry.terraform.io/hashicorp/azurerm\"]",
      "instances": [
        {
          "schema_version": 0,
          "attributes": {
            "allocation_method": "Static",
            "ddos_protection_mode": "VirtualNetworkInherited",
            "ddos_protection_plan_id": null,
            "domain_name_label": null,
            "edge_zone": "",
            "fqdn": null,
            "id": "/subscriptions/c3d9fe29-3987-49b6-a87f-61d733441678/resourceGroups/MyProjectRGnew/providers/Microsoft.Network/publicIPAddresses/myapp-vm-pip",
            "idle_timeout_in_minutes": 4,
            "ip_address": "4.206.70.73",
            "ip_tags": null,
            "ip_version": "IPv4",
            "location": "canadacentral",
            "name": "myapp-vm-pip",
            "public_ip_prefix_id": null,
            "resource_group_name": "MyProjectRGnew",
            "reverse_fqdn": null,
            "sku": "Standard",
            "sku_tier": "Regional",
            "tags": {
              "environment": "development",
              "project": "myapp"
            },
            "timeouts": null,
            "zones": null
          },
          "sensitive_attributes": [],
          "identity_schema_version": 0,
          "private": "eyJlMmJmYjczMC1lY2FhLTExZTYtOGY4OC0zNDM2M2JjN2M0YzAiOnsiY3JlYXRlIjoxODAwMDAwMDAwMDAwLCJkZWxldGUiOjE4MDAwMDAwMDAwMDAsInJlYWQiOjMwMDAwMDAwMDAwMCwidXBkYXRlIjoxODAwMDAwMDAwMDAwfX0=",
          "dependencies": [
            "azurerm_resource_group.main"
          ]
        }
      ]
    },
    {
      "mode": "managed",
      "type": "azurerm_resource_group",
      "name": "main",
      "provider": "provider[\"registry.terraform.io/hashicorp/azurerm\"]",
      "instances": [
        {
          "schema_version": 0,
          "attributes": {
            "id": "/subscriptions/c3d9fe29-3987-49b6-a87f-61d733441678/resourceGroups/MyProjectRGnew",
            "location": "canadacentral",
            "managed_by": "",
            "name": "MyProjectRGnew",
            "tags": {
              "environment": "development",
              "project": "myapp"
            },
            "timeouts": null
          },
          "sensitive_attributes": [],
          "identity_schema_version": 0,
          "private": "eyJlMmJmYjczMC1lY2FhLTExZTYtOGY4OC0zNDM2M2JjN2M0YzAiOnsiY3JlYXRlIjo1NDAwMDAwMDAwMDAwLCJkZWxldGUiOjU0MDAwMDAwMDAwMDAsInJlYWQiOjMwMDAwMDAwMDAwMCwidXBkYXRlIjo1NDAwMDAwMDAwMDAwfX0="
        }
      ]
    },
    {
      "mode": "managed",
      "type": "azurerm_subnet",
      "name": "app_subnet",
      "provider": "provider[\"registry.terraform.io/hashicorp/azurerm\"]",
      "instances": [
        {
          "schema_version": 0,
          "attributes": {
            "address_prefixes": [
              "10.0.1.0/24"
            ],
            "default_outbound_access_enabled": true,
            "delegation": [],
            "enforce_private_link_endpoint_network_policies": false,
            "enforce_private_link_service_network_policies": false,
            "id": "/subscriptions/c3d9fe29-3987-49b6-a87f-61d733441678/resourceGroups/MyProjectRGnew/providers/Microsoft.Network/virtualNetworks/myapp-vnet/subnets/myapp-app-subnet",
            "name": "myapp-app-subnet",
            "private_endpoint_network_policies": "Enabled",
            "private_endpoint_network_policies_enabled": true,
            "private_link_service_network_policies_enabled": true,
            "resource_group_name": "MyProjectRGnew",
            "service_endpoint_policy_ids": null,
            "service_endpoints": null,
            "timeouts": null,
            "virtual_network_name": "myapp-vnet"
          },
          "sensitive_attributes": [],
          "identity_schema_version": 0,
          "private": "eyJlMmJmYjczMC1lY2FhLTExZTYtOGY4OC0zNDM2M2JjN2M0YzAiOnsiY3JlYXRlIjoxODAwMDAwMDAwMDAwLCJkZWxldGUiOjE4MDAwMDAwMDAwMDAsInJlYWQiOjMwMDAwMDAwMDAwMCwidXBkYXRlIjoxODAwMDAwMDAwMDAwfX0=",
          "dependencies": [
            "azurerm_resource_group.main",
            "azurerm_virtual_network.main"
          ]
        }
      ]
    },
    {
      "mode": "managed",
      "type": "azurerm_subnet",
      "name": "db_subnet",
      "provider": "provider[\"registry.terraform.io/hashicorp/azurerm\"]",
      "instances": [
        {
          "schema_version": 0,
          "attributes": {
            "address_prefixes": [
              "10.0.2.0/24"
            ],
            "default_outbound_access_enabled": true,
            "delegation": [
              {
                "name": "fsDelegation",
                "service_delegation": [
                  {
                    "actions": [
                      "Microsoft.Network/virtualNetworks/subnets/join/action"
                    ],
                    "name": "Microsoft.DBforPostgreSQL/flexibleServers"
                  }
                ]
              }
            ],
            "enforce_private_link_endpoint_network_policies": false,
            "enforce_private_link_service_network_policies": false,
            "id": "/subscriptions/c3d9fe29-3987-49b6-a87f-61d733441678/resourceGroups/MyProjectRGnew/providers/Microsoft.Network/virtualNetworks/myapp-vnet/subnets/myapp-db-subnet",
            "name": "myapp-db-subnet",
            "private_endpoint_network_policies": "Enabled",
            "private_endpoint_network_policies_enabled": true,
            "private_link_service_network_policies_enabled": true,
            "resource_group_name": "MyProjectRGnew",
            "service_endpoint_policy_ids": null,
            "service_endpoints": null,
            "timeouts": null,
            "virtual_network_name": "myapp-vnet"
          },
          "sensitive_attributes": [],
          "identity_schema_version": 0,
          "private": "eyJlMmJmYjczMC1lY2FhLTExZTYtOGY4OC0zNDM2M2JjN2M0YzAiOnsiY3JlYXRlIjoxODAwMDAwMDAwMDAwLCJkZWxldGUiOjE4MDAwMDAwMDAwMDAsInJlYWQiOjMwMDAwMDAwMDAwMCwidXBkYXRlIjoxODAwMDAwMDAwMDAwfX0=",
          "dependencies": [
            "azurerm_resource_group.main",
            "azurerm_virtual_network.main"
          ]
        }
      ]
    },
    {
      "mode": "managed",
      "type": "azurerm_virtual_network",
      "name": "main",
      "provider": "provider[\"registry.terraform.io/hashicorp/azurerm\"]",
      "instances": [
        {
          "schema_version": 0,
          "attributes": {
            "address_space": [
              "10.0.0.0/16"
            ],
            "bgp_community": "",
            "ddos_protection_plan": [],
            "dns_servers": [],
            "edge_zone": "",
            "encryption": [],
            "flow_timeout_in_minutes": 0,
            "guid": "f2490f5b-b431-4069-b3a6-1efd518d3f8a",
            "id": "/subscriptions/c3d9fe29-3987-49b6-a87f-61d733441678/resourceGroups/MyProjectRGnew/providers/Microsoft.Network/virtualNetworks/myapp-vnet",
            "location": "canadacentral",
            "name": "myapp-vnet",
            "resource_group_name": "MyProjectRGnew",
            "subnet": [],
            "tags": {
              "environment": "development",
              "project": "myapp"
            },
            "timeouts": null
          },
          "sensitive_attributes": [],
          "identity_schema_version": 0,
          "private": "eyJlMmJmYjczMC1lY2FhLTExZTYtOGY4OC0zNDM2M2JjN2M0YzAiOnsiY3JlYXRlIjoxODAwMDAwMDAwMDAwLCJkZWxldGUiOjE4MDAwMDAwMDAwMDAsInJlYWQiOjMwMDAwMDAwMDAwMCwidXBkYXRlIjoxODAwMDAwMDAwMDAwfX0=",
          "dependencies": [
            "azurerm_resource_group.main"
          ]
        }
      ]
    }
  ],
  "check_results": null
}
